lockfileVersion: '9.0'

settings:
  autoInstallPeers: false
  excludeLinksFromLockfile: false

importers:

  .:
    devDependencies:
      '@apst/oxfmt':
        specifier: ~0.2.0
        version: 0.2.0(oxfmt@0.65.0)
      '@apst/oxlint':
        specifier: ~0.4.0
        version: 0.4.0(oxlint@1.78.0(oxlint-tsgolint@7.0.2001))
      oxfmt:
        specifier: ~0.65.0
        version: 0.65.0
      oxlint:
        specifier: ^1.78.0
        version: 1.78.0(oxlint-tsgolint@7.0.2001)
      oxlint-tsgolint:
        specifier: ~7.0.2001
        version: 7.0.2001

packages:

  '@apst/oxfmt@0.2.0':
    resolution: {integrity: sha512-BX2nskzISs2WOZ53WOAC+2//D2IPF0VjiPeBFEDyxeoz9IZHSSFVnXVdAt3TwuvIsl765fSRt/tfu8WRXEpExg==}
    peerDependencies:
      oxfmt: ^0.50.0
    peerDependenciesMeta:
      oxfmt:
        optional: true

  '@apst/oxlint@0.4.0':
    resolution: {integrity: sha512-IRFrl2+FDAKsJ6vAAFhlX4xgxcUsxefeGiXEdjsCbkEXstHxrWAr3uKTflg+1sQLtfGDedMcU/BGC5vFyLxZTw==}
    peerDependencies:
      oxlint: ^1.70.0
    peerDependenciesMeta:
      oxlint:
        optional: true

  '@oxfmt/binding-android-arm-eabi@0.65.0':
    resolution: {integrity: sha512-M10Gs1SSpTNI6ahGx3M/OlIdUF4hkaP6OgUb+MS79t/Pgflk3r1nW5gPFqsZGUAXg0H1AfANT9AvLdBSTIhZKg==}
    engines: {node: ^20.19.0 || >=22.12.0}
    cpu: [arm]
    os: [android]

  '@oxfmt/binding-android-arm64@0.65.0':
    resolution: {integrity: sha512-6DXH5sftNlaHpWJG50hFMF+Qxtq5D2TmahvcDPxWNcGIf8qrC9Y0YgHYcYZ2hlWzaccKXh/f3GcssH8vtkl4JA==}
    engines: {node: ^20.19.0 || >=22.12.0}
    cpu: [arm64]
    os: [android]

  '@oxfmt/binding-darwin-arm64@0.65.0':
    resolution: {integrity: sha512-K9m7lr53pcOLETNsC88sWes/GWHUGjZyHx95UhYcSXy0r30haLdeXlSufSenEAtoLaW753WN8/l4M7GYcRt6cg==}
    engines: {node: ^20.19.0 || >=22.12.0}
    cpu: [arm64]
    os: [darwin]

  '@oxfmt/binding-darwin-x64@0.65.0':
    resolution: {integrity: sha512-sTNwIx1gre3MyiHOPLu7IGW4UyMScYL4DTmJT01p4vzB0En+OJUQz6KuH8t0PpsClRSaMuY3b0QmtoPItfO8Lg==}
    engines: {node: ^20.19.0 || >=22.12.0}
    cpu: [x64]
    os: [darwin]

  '@oxfmt/binding-freebsd-x64@0.65.0':
    resolution: {integrity: sha512-lYZMVIiIpnjGu5hJb2jxA8NYQ/e0OTGuaiAf4dqlGPNnPmUTu23FZRMltmjro/KkQm1uE4NT4n5yJ2zWmKcpfA==}
    engines: {node: ^20.19.0 || >=22.12.0}
    cpu: [x64]
    os: [freebsd]

  '@oxfmt/binding-linux-arm-gnueabihf@0.65.0':
    resolution: {integrity: sha512-gIdXFAt/bURnjxuoedDEWdZ0PEWEmdDcm8qdpoFYYvW3QMk/5D4vUaH4mlMeRpeTdST4izUgHVO6RawQ4QulJw==}
    engines: {node: ^20.19.0 || >=22.12.0}
    cpu: [arm]
    os: [linux]

  '@oxfmt/binding-linux-arm-musleabihf@0.65.0':
    resolution: {integrity: sha512-jJVyADto7gA2AaX5qAjAexrxx9PJQaKWOe8PICE7yKMbjBRyOHcmj9TtVJ+MZYDUQ3hodU0AcoTj0jFQ1W4C6Q==}
    engines: {node: ^20.19.0 || >=22.12.0}
    cpu: [arm]
    os: [linux]

  '@oxfmt/binding-linux-arm64-gnu@0.65.0':
    resolution: {integrity: sha512-p3RFkB+u7u+8up99b/NEcI1hdpLDiGgJYNwDorB60n7eH+eKposAKuMBxx+NqB3b+sJP4CZmYDh9G7X62tUsKg==}
    engines: {node: ^20.19.0 || >=22.12.0}
    cpu: [arm64]
    os: [linux]
    libc: [glibc]

  '@oxfmt/binding-linux-arm64-musl@0.65.0':
    resolution: {integrity: sha512-5Prb0uFzJHr+OUD/qS/TmU526wD+PaHDsm3KoRiUXbMIDpTSErjeQYkK3OQeshAvD/PuLa9WGEi9WPajjdOZJg==}
    engines: {node: ^20.19.0 || >=22.12.0}
    cpu: [arm64]
    os: [linux]
    libc: [musl]

  '@oxfmt/binding-linux-ppc64-gnu@0.65.0':
    resolution: {integrity: sha512-S8svxTp81obnF3admN9yd+u2rOYXtyzThLGBTg1PY6TPtGcC09BaaXLQD+TBSMa7yvqhCDZ8DFri+S/yG60qCg==}
    engines: {node: ^20.19.0 || >=22.12.0}
    cpu: [ppc64]
    os: [linux]
    libc: [glibc]

  '@oxfmt/binding-linux-riscv64-gnu@0.65.0':
    resolution: {integrity: sha512-WtXBr75G/h2qOHy8SiGtC1R6aS3jt4mE52v1D8AtwMXIgoOmSNP9lKvbSaTRoL0e5wsMPoi6T72QWDYPu+S+nA==}
    engines: {node: ^20.19.0 || >=22.12.0}
    cpu: [riscv64]
    os: [linux]
    libc: [glibc]

  '@oxfmt/binding-linux-riscv64-musl@0.65.0':
    resolution: {integrity: sha512-YwSLVvpaz4o/nv/miiPEBJz+eJ+VmbgNIrao6RccK9ce+L5EA8wP+ZD0uFeq6wKOza6zoWv/dR0sj6lip6R3EA==}
    engines: {node: ^20.19.0 || >=22.12.0}
    cpu: [riscv64]
    os: [linux]
    libc: [musl]

  '@oxfmt/binding-linux-s390x-gnu@0.65.0':
    resolution: {integrity: sha512-XQTPqgvyrgkKcFq+Tp2eK6JS7sqqJ+nRmy2Fav4j3I+i4dJoPJm7YwEdoeSDX9xkqj9jZ/lWfF3bXUWztIrn6A==}
    engines: {node: ^20.19.0 || >=22.12.0}
    cpu: [s390x]
    os: [linux]
    libc: [glibc]

  '@oxfmt/binding-linux-x64-gnu@0.65.0':
    resolution: {integrity: sha512-cjZlx6S/VkeCNWCbwZriTnLnZeTcV3DEyeRGSw/2wwLP9viq+C0bJ4bC1k/ZLkFxDcB1lUgSasPkYGP1bdraOg==}
    engines: {node: ^20.19.0 || >=22.12.0}
    cpu: [x64]
    os: [linux]
    libc: [glibc]

  '@oxfmt/binding-linux-x64-musl@0.65.0':
    resolution: {integrity: sha512-2azCjxdLtK4zCcIOU1dlXlU0xxfbPi6EjwWx7Ac7teWPidIIDOcIhudup83xNCKYhtqeVd/gaVDOxbUq4syXWA==}
    engines: {node: ^20.19.0 || >=22.12.0}
    cpu: [x64]
    os: [linux]
    libc: [musl]

  '@oxfmt/binding-openharmony-arm64@0.65.0':
    resolution: {integrity: sha512-KXQ7xi1e/voP0IQaw6fG6XY4Z5+Llf1XmRSZS1t7pVFCecFJ0iXaboKmVwjFtp5MLlT5iWQrJ2U1C3GJdZ2u+Q==}
    engines: {node: ^20.19.0 || >=22.12.0}
    cpu: [arm64]
    os: [openharmony]

  '@oxfmt/binding-win32-arm64-msvc@0.65.0':
    resolution: {integrity: sha512-2FbbjG5jEqLSLKVJwBap84uJfpn5Y5A53KEO0aUNr+zeiRB9nyPUIFMcSbZVMFLitfBytFWRNngozXYjb6Rsbw==}
    engines: {node: ^20.19.0 || >=22.12.0}
    cpu: [arm64]
    os: [win32]

  '@oxfmt/binding-win32-ia32-msvc@0.65.0':
    resolution: {integrity: sha512-LJ+ZacAPSjegDOnSLyA1TMWAhdDrsK4el3REdr1oL2UtVBCMhO2II/Sb3cEW6mF2MfLhl8hDNCSvc7KSbgk3LQ==}
    engines: {node: ^20.19.0 || >=22.12.0}
    cpu: [ia32]
    os: [win32]

  '@oxfmt/binding-win32-x64-msvc@0.65.0':
    resolution: {integrity: sha512-higu9cWEO6XXFzATD1jf0mCK34rNfN2H9JrJie7QB1IhleVpTh0QlLH9Ip2C1H/Nd5n0v5pvRtC+5R0uE4HpVg==}
    engines: {node: ^20.19.0 || >=22.12.0}
    cpu: [x64]
    os: [win32]

  '@oxlint-tsgolint/darwin-arm64@7.0.2001':
    resolution: {integrity: sha512-CUJEdbSZ54+Xy9OXqOhWLTKZKV0BBiV7C2i/ygyVmXtkUNXx5YCzN8DpSSshTAKktoL7S+tnQ/ftFG/i7X896w==}
    cpu: [arm64]
    os: [darwin]

  '@oxlint-tsgolint/darwin-x64@7.0.2001':
    resolution: {integrity: sha512-pXfBb5BqONCcgrXQNUZWXgiYmRSWJzd97S8i41VVOh6ut0tyo+cJ5FKFpczDHxiVNfj/3e7c9B4MtztNdpIVCw==}
    cpu: [x64]
    os: [darwin]

  '@oxlint-tsgolint/linux-arm64@7.0.2001':
    resolution: {integrity: sha512-roP7zujb/QDPzDwEKsFFpzNHHy91/Y7oX9vQXk78ekyZtcQj1QXDIMH33gjDdHBfRl4K9pZ36xhRgrP4Zr+R8A==}
    cpu: [arm64]
    os: [linux]

  '@oxlint-tsgolint/linux-x64@7.0.2001':
    resolution: {integrity: sha512-UDezNqdECVmngu2TPnjaS1YoAmcTaBoI5lV9vk3VahBxoi+I5r9k3iJTT7qZoYWOXTD/7T7bNcwRgrocR6BscQ==}
    cpu: [x64]
    os: [linux]

  '@oxlint-tsgolint/win32-arm64@7.0.2001':
    resolution: {integrity: sha512-uJZhqB6pdXLuN+AD1F5082byyQti/NPmJA77GtcFlmT2HzRelqbNls3SaIqxpjdFgvSBF9g0yOKGBkGFg7kX8Q==}
    cpu: [arm64]
    os: [win32]

  '@oxlint-tsgolint/win32-x64@7.0.2001':
    resolution: {integrity: sha512-FkDRm8hx9OwzGQqyWG1tO5QrTLRApff9DzSgpz9QZau37BR8d1VYKOxMLGf6shPZntJFoTwIIJYT68VndYDCog==}
    cpu: [x64]
    os: [win32]

  '@oxlint/binding-android-arm-eabi@1.78.0':
    resolution: {integrity: sha512-Bu819lmAfZMUHErrpe0cEWj3iaefuUODHSU8+UbXy67V/r7/7f4K3FL0NmbD85E+wiFLDYuhP8Zlv0XnVeXshw==}
    engines: {node: ^20.19.0 || >=22.12.0}
    cpu: [arm]
    os: [android]

  '@oxlint/binding-android-arm64@1.78.0':
    resolution: {integrity: sha512-CDfxZgB61B7buRdY2FJoAYYPPXCZ1EoC1LKscnC5dg3kjobdxiconvAvvN1BmHyW4PyFT3jRLDag/BY/roSNBQ==}
    engines: {node: ^20.19.0 || >=22.12.0}
    cpu: [arm64]
    os: [android]

  '@oxlint/binding-darwin-arm64@1.78.0':
    resolution: {integrity: sha512-2Y2U9Ahrz+OO0Ej88f9SJYq51/jUBp1Mc7iZu0ukrbeeZ3gpRGfzIFnoqfHDY96xr0GEfNrPUBFEy0nN5aD7HA==}
    engines: {node: ^20.19.0 || >=22.12.0}
    cpu: [arm64]
    os: [darwin]

  '@oxlint/binding-darwin-x64@1.78.0':
    resolution: {integrity: sha512-rpych6eJq6m9jDRypTEaPD1xysaEW5h9+xuxhGK/QhOg+/xaqPZrCrTNoIl/f3nEjuJeCEmstNDlrE9rJi/3/g==}
    engines: {node: ^20.19.0 || >=22.12.0}
    cpu: [x64]
    os: [darwin]

  '@oxlint/binding-freebsd-x64@1.78.0':
    resolution: {integrity: sha512-IcMGrQT3QizkOESUJd5et+rOhVqSkNDfNik1cvrKDqIbzqx9KMtRswpFgkCuNTSwylCFLKhGUu8KmqY1ZnC0Dg==}
    engines: {node: ^20.19.0 || >=22.12.0}
    cpu: [x64]
    os: [freebsd]

  '@oxlint/binding-linux-arm-gnueabihf@1.78.0':
    resolution: {integrity: sha512-/uLdoJ0IXE6vo/0f0LKjinQAp+re+VMaCWaNT8ENIv2EOCkSsc8SGaflXAuW0Jua2dq5+GLVWm1NQK7P3UFSNQ==}
    engines: {node: ^20.19.0 || >=22.12.0}
    cpu: [arm]
    os: [linux]

  '@oxlint/binding-linux-arm-musleabihf@1.78.0':
    resolution: {integrity: sha512-7xi4Wb/O8NRJhLoUXmDJMUVpNYvB5kefdhFU1Jb8rtae4QoXlTiLwI14X4YvAXVZLNZChP8m5qO9SQAlWQTbkQ==}
    engines: {node: ^20.19.0 || >=22.12.0}
    cpu: [arm]
    os: [linux]

  '@oxlint/binding-linux-arm64-gnu@1.78.0':
    resolution: {integrity: sha512-4hFW0+fVXa3OIh1Y4A5SPkmvI4wuuBSrCVKzOyE7PTjhc7yEqZ1pmvEEeS5Lj/MaqvegFxXyF33N+6jkehxdyg==}
    engines: {node: ^20.19.0 || >=22.12.0}
    cpu: [arm64]
    os: [linux]
    libc: [glibc]

  '@oxlint/binding-linux-arm64-musl@1.78.0':
    resolution: {integrity: sha512-oC0mvsgBJjlMijSDEhx9KuvR9zYeHXceA9MjbuXB1F8NSR78Yj2unOBrstEvTVaq+pko+kuue6DajC00eqvTdg==}
    engines: {node: ^20.19.0 || >=22.12.0}
    cpu: [arm64]
    os: [linux]
    libc: [musl]

  '@oxlint/binding-linux-ppc64-gnu@1.78.0':
    resolution: {integrity: sha512-XAllT5SUZS+ohjuZ3/5S0cwe0r7eboiuigeStCZ5DXRYx/2KVM2UvQXvAfyzXEimtQjAB7cDQ2YxDe2Zl2WNQQ==}
    engines: {node: ^20.19.0 || >=22.12.0}
    cpu: [ppc64]
    os: [linux]
    libc: [glibc]

  '@oxlint/binding-linux-riscv64-gnu@1.78.0':
    resolution: {integrity: sha512-trucMER/0QtecoXvc1y/UVqE3kwJipDwrx4oHfj+nNm3dq2zjP44WT0CfHNDPM3G1DXIkx/gY6lAD21NSCZVhA==}
    engines: {node: ^20.19.0 || >=22.12.0}
    cpu: [riscv64]
    os: [linux]
    libc: [glibc]

  '@oxlint/binding-linux-riscv64-musl@1.78.0':
    resolution: {integrity: sha512-cm3O4F/HQbdzOUX5mKHqG5KDL6E5w0pnlZ+fbBy2rmLryPOowkuLagFHTopQsEIpjcaZoPOrL+BmmAytAG9HFg==}
    engines: {node: ^20.19.0 || >=22.12.0}
    cpu: [riscv64]
    os: [linux]
    libc: [musl]

  '@oxlint/binding-linux-s390x-gnu@1.78.0':
    resolution: {integrity: sha512-33wRf6HqGNsybJ3qX4cGaQN2ODPxNmc1rMa0mrTmx3eFq1VzOnvQooi9bIGVYakW8a/wmqVx1mgsUm8R2xfTiw==}
    engines: {node: ^20.19.0 || >=22.12.0}
    cpu: [s390x]
    os: [linux]
    libc: [glibc]

  '@oxlint/binding-linux-x64-gnu@1.78.0':
    resolution: {integrity: sha512-rRdISSYegj6VganMZ9tjRjijowfHJ09IZU01i0toBAqr6n5LEtwHq2IeS4FjW2RoskOHlb6efB26H5izYb3GEQ==}
    engines: {node: ^20.19.0 || >=22.12.0}
    cpu: [x64]
    os: [linux]
    libc: [glibc]

  '@oxlint/binding-linux-x64-musl@1.78.0':
    resolution: {integrity: sha512-GmsP4rW0xTL6u5CVdcDsaN5Fbc7hBc382Wmar1kttbnwSEviM+rSINKOMQ+UQ6iH+AGwC+8gaAiwu134Tgh6Lg==}
    engines: {node: ^20.19.0 || >=22.12.0}
    cpu: [x64]
    os: [linux]
    libc: [musl]

  '@oxlint/binding-openharmony-arm64@1.78.0':
    resolution: {integrity: sha512-sy9yeYuADc8a+n4TLBayzMCZiHPW78DcIFVpOXTmdKHWQeM9xe5uzkqIIZmi326D5hY9XVwacipEB1p7tQjPAg==}
    engines: {node: ^20.19.0 || >=22.12.0}
    cpu: [arm64]
    os: [openharmony]

  '@oxlint/binding-win32-arm64-msvc@1.78.0':
    resolution: {integrity: sha512-rjc2hF1KfMi8fZj1X/m3AmnHbdsF3rL0v6KQg0Uc880Yb2khjz+3U14sfdZ7jWTpRnN1m1NQa/TT7uU9lJWPrA==}
    engines: {node: ^20.19.0 || >=22.12.0}
    cpu: [arm64]
    os: [win32]

  '@oxlint/binding-win32-ia32-msvc@1.78.0':
    resolution: {integrity: sha512-zcuXFVrEFHIafRfkCQT8w/Xe41o07ozl/vwHq7p94vB29xVzsB0sZGYORU1jhcYKv3Lr0J3HbJ2T4fHH5rWmvA==}
    engines: {node: ^20.19.0 || >=22.12.0}
    cpu: [ia32]
    os: [win32]

  '@oxlint/binding-win32-x64-msvc@1.78.0':
    resolution: {integrity: sha512-Sb5ocmLSuYeOuXd+CFOToGKp/gjXUEWDnvIGwhnh8aq8wY4TMmEnKnvbogSW7RdMZv77JSARduS7/gv+khYEjA==}
    engines: {node: ^20.19.0 || >=22.12.0}
    cpu: [x64]
    os: [win32]

  es-toolkit@1.49.0:
    resolution: {integrity: sha512-G5iZ6Pc/FNRY/soKZHC+TxGDD83rHUDXxzaWhGCX44vAv/tMs56WMusnm/KMNK+luUPsgA9U28cGr4RDlSzL2g==}

  oxfmt@0.65.0:
    resolution: {integrity: sha512-SgS5VgnP42T0zl3zWD+xoH8FCqg1SAFnSRoOT/qeoa6gxcYIqrDMOmcXIg/EWSN92Du4ogB4riuKhKd6Y4CGhw==}
    engines: {node: ^20.19.0 || >=22.12.0}
    hasBin: true
    peerDependencies:
      svelte: ^5.0.0
      vite-plus: '*'
    peerDependenciesMeta:
      svelte:
        optional: true
      vite-plus:
        optional: true

  oxlint-tsgolint@7.0.2001:
    resolution: {integrity: sha512-KjK/XLcXr1DSyonKhsuFqJRiuKqcyG9j3LJ8nkOsrLzGvodBPqzHOKauy10asLMDI0sUpvb+1sxlzff3udZvfg==}
    hasBin: true

  oxlint@1.78.0:
    resolution: {integrity: sha512-QgQePuxIqKOzo1KSjG2EnITEeWvWnKAm77eq8nrMtf6AGoA+zyGc4PFYtDNJSD25g/ibOwfQ851hZ4/SPkMVoA==}
    engines: {node: ^20.19.0 || >=22.12.0}
    hasBin: true
    peerDependencies:
      oxlint-tsgolint: '>=7.0.2001'
      vite-plus: '*'
    peerDependenciesMeta:
      oxlint-tsgolint:
        optional: true
      vite-plus:
        optional: true

  tinypool@2.1.0:
    resolution: {integrity: sha512-Pugqs6M0m7Lv1I7FtxN4aoyToKg1C4tu+/381vH35y8oENM/Ai7f7C4StcoK4/+BSw9ebcS8jRiVrORFKCALLw==}
    engines: {node: ^20.0.0 || >=22.0.0}

snapshots:

  '@apst/oxfmt@0.2.0(oxfmt@0.65.0)':
    dependencies:
      es-toolkit: 1.49.0
    optionalDependencies:
      oxfmt: 0.65.0

  '@apst/oxlint@0.4.0(oxlint@1.78.0(oxlint-tsgolint@7.0.2001))':
    dependencies:
      es-toolkit: 1.49.0
    optionalDependencies:
      oxlint: 1.78.0(oxlint-tsgolint@7.0.2001)

  '@oxfmt/binding-android-arm-eabi@0.65.0':
    optional: true

  '@oxfmt/binding-android-arm64@0.65.0':
    optional: true

  '@oxfmt/binding-darwin-arm64@0.65.0':
    optional: true

  '@oxfmt/binding-darwin-x64@0.65.0':
    optional: true

  '@oxfmt/binding-freebsd-x64@0.65.0':
    optional: true

  '@oxfmt/binding-linux-arm-gnueabihf@0.65.0':
    optional: true

  '@oxfmt/binding-linux-arm-musleabihf@0.65.0':
    optional: true

  '@oxfmt/binding-linux-arm64-gnu@0.65.0':
    optional: true

  '@oxfmt/binding-linux-arm64-musl@0.65.0':
    optional: true

  '@oxfmt/binding-linux-ppc64-gnu@0.65.0':
    optional: true

  '@oxfmt/binding-linux-riscv64-gnu@0.65.0':
    optional: true

  '@oxfmt/binding-linux-riscv64-musl@0.65.0':
    optional: true

  '@oxfmt/binding-linux-s390x-gnu@0.65.0':
    optional: true

  '@oxfmt/binding-linux-x64-gnu@0.65.0':
    optional: true

  '@oxfmt/binding-linux-x64-musl@0.65.0':
    optional: true

  '@oxfmt/binding-openharmony-arm64@0.65.0':
    optional: true

  '@oxfmt/binding-win32-arm64-msvc@0.65.0':
    optional: true

  '@oxfmt/binding-win32-ia32-msvc@0.65.0':
    optional: true

  '@oxfmt/binding-win32-x64-msvc@0.65.0':
    optional: true

  '@oxlint-tsgolint/darwin-arm64@7.0.2001':
    optional: true

  '@oxlint-tsgolint/darwin-x64@7.0.2001':
    optional: true

  '@oxlint-tsgolint/linux-arm64@7.0.2001':
    optional: true

  '@oxlint-tsgolint/linux-x64@7.0.2001':
    optional: true

  '@oxlint-tsgolint/win32-arm64@7.0.2001':
    optional: true

  '@oxlint-tsgolint/win32-x64@7.0.2001':
    optional: true

  '@oxlint/binding-android-arm-eabi@1.78.0':
    optional: true

  '@oxlint/binding-android-arm64@1.78.0':
    optional: true

  '@oxlint/binding-darwin-arm64@1.78.0':
    optional: true

  '@oxlint/binding-darwin-x64@1.78.0':
    optional: true

  '@oxlint/binding-freebsd-x64@1.78.0':
    optional: true

  '@oxlint/binding-linux-arm-gnueabihf@1.78.0':
    optional: true

  '@oxlint/binding-linux-arm-musleabihf@1.78.0':
    optional: true

  '@oxlint/binding-linux-arm64-gnu@1.78.0':
    optional: true

  '@oxlint/binding-linux-arm64-musl@1.78.0':
    optional: true

  '@oxlint/binding-linux-ppc64-gnu@1.78.0':
    optional: true

  '@oxlint/binding-linux-riscv64-gnu@1.78.0':
    optional: true

  '@oxlint/binding-linux-riscv64-musl@1.78.0':
    optional: true

  '@oxlint/binding-linux-s390x-gnu@1.78.0':
    optional: true

  '@oxlint/binding-linux-x64-gnu@1.78.0':
    optional: true

  '@oxlint/binding-linux-x64-musl@1.78.0':
    optional: true

  '@oxlint/binding-openharmony-arm64@1.78.0':
    optional: true

  '@oxlint/binding-win32-arm64-msvc@1.78.0':
    optional: true

  '@oxlint/binding-win32-ia32-msvc@1.78.0':
    optional: true

  '@oxlint/binding-win32-x64-msvc@1.78.0':
    optional: true

  es-toolkit@1.49.0: {}

  oxfmt@0.65.0:
    dependencies:
      tinypool: 2.1.0
    optionalDependencies:
      '@oxfmt/binding-android-arm-eabi': 0.65.0
      '@oxfmt/binding-android-arm64': 0.65.0
      '@oxfmt/binding-darwin-arm64': 0.65.0
      '@oxfmt/binding-darwin-x64': 0.65.0
      '@oxfmt/binding-freebsd-x64': 0.65.0
      '@oxfmt/binding-linux-arm-gnueabihf': 0.65.0
      '@oxfmt/binding-linux-arm-musleabihf': 0.65.0
      '@oxfmt/binding-linux-arm64-gnu': 0.65.0
      '@oxfmt/binding-linux-arm64-musl': 0.65.0
      '@oxfmt/binding-linux-ppc64-gnu': 0.65.0
      '@oxfmt/binding-linux-riscv64-gnu': 0.65.0
      '@oxfmt/binding-linux-riscv64-musl': 0.65.0
      '@oxfmt/binding-linux-s390x-gnu': 0.65.0
      '@oxfmt/binding-linux-x64-gnu': 0.65.0
      '@oxfmt/binding-linux-x64-musl': 0.65.0
      '@oxfmt/binding-openharmony-arm64': 0.65.0
      '@oxfmt/binding-win32-arm64-msvc': 0.65.0
      '@oxfmt/binding-win32-ia32-msvc': 0.65.0
      '@oxfmt/binding-win32-x64-msvc': 0.65.0

  oxlint-tsgolint@7.0.2001:
    optionalDependencies:
      '@oxlint-tsgolint/darwin-arm64': 7.0.2001
      '@oxlint-tsgolint/darwin-x64': 7.0.2001
      '@oxlint-tsgolint/linux-arm64': 7.0.2001
      '@oxlint-tsgolint/linux-x64': 7.0.2001
      '@oxlint-tsgolint/win32-arm64': 7.0.2001
      '@oxlint-tsgolint/win32-x64': 7.0.2001

  oxlint@1.78.0(oxlint-tsgolint@7.0.2001):
    optionalDependencies:
      '@oxlint/binding-android-arm-eabi': 1.78.0
      '@oxlint/binding-android-arm64': 1.78.0
      '@oxlint/binding-darwin-arm64': 1.78.0
      '@oxlint/binding-darwin-x64': 1.78.0
      '@oxlint/binding-freebsd-x64': 1.78.0
      '@oxlint/binding-linux-arm-gnueabihf': 1.78.0
      '@oxlint/binding-linux-arm-musleabihf': 1.78.0
      '@oxlint/binding-linux-arm64-gnu': 1.78.0
      '@oxlint/binding-linux-arm64-musl': 1.78.0
      '@oxlint/binding-linux-ppc64-gnu': 1.78.0
      '@oxlint/binding-linux-riscv64-gnu': 1.78.0
      '@oxlint/binding-linux-riscv64-musl': 1.78.0
      '@oxlint/binding-linux-s390x-gnu': 1.78.0
      '@oxlint/binding-linux-x64-gnu': 1.78.0
      '@oxlint/binding-linux-x64-musl': 1.78.0
      '@oxlint/binding-openharmony-arm64': 1.78.0
      '@oxlint/binding-win32-arm64-msvc': 1.78.0
      '@oxlint/binding-win32-ia32-msvc': 1.78.0
      '@oxlint/binding-win32-x64-msvc': 1.78.0
      oxlint-tsgolint: 7.0.2001

  tinypool@2.1.0: {}
